
Microsoft Visual Studio Solution File, Format Version 12.00
# Visual Studio Version 16
VisualStudioVersion = 16.0.32228.343
MinimumVisualStudioVersion = 10.0.40219.1
Project("{FAE04EC0-301F-11D3-BF4B-00C04F79EFBC}") = "Snake", "Snake\Snake.csproj", "{FEBE17DF-0161-4E06-83B1-20E136279E13}"
EndProject
Global
	GlobalSection(SolutionConfigurationPlatforms) = preSolution
		Debug|Any CPU = Debug|Any CPU
		Release|Any CPU = Release|Any CPU
	EndGlobalSection
	GlobalSection(ProjectConfigurationPlatforms) = postSolution
		{FEBE17DF-0161-4E06-83B1-20E136279E13}.Debug|Any CPU.ActiveCfg = Debug|Any CPU
		{FEBE17DF-0161-4E06-83B1-20E136279E13}.Debug|Any CPU.Build.0 = Debug|Any CPU
		{FEBE17DF-0161-4E06-83B1-20E136279E13}.Release|Any CPU.ActiveCfg = Release|Any CPU
		{FEBE17DF-0161-4E06-83B1-20E136279E13}.Release|Any CPU.Build.0 = Release|Any CPU
	EndGlobalSection
	GlobalSection(SolutionProperties) = preSolution
		HideSolutionNode = FALSE
	EndGlobalSection
	GlobalSection(ExtensibilityGlobals) = postSolution
		SolutionGuid = {F132B870-16D8-4435-B396-FE6F91B0FA7E}
	EndGlobalSection
EndGlobal
